
Microsoft Visual Studio Solution File, Format Version 12.00
# Visual Studio Version 16
VisualStudioVersion = 16.0.29519.181
MinimumVisualStudioVersion = 10.0.40219.1
Project("{9A19103F-16F7-4668-BE54-9A1E7A4F7556}") = "ASP.NET Core MVC kudvenkat", "ASP.NET Core MVC kudvenkat\ASP.NET Core MVC kudvenkat.csproj", "{661D2696-D67F-4C7F-AE4C-00B7DE86220E}"
EndProject
Global
	GlobalSection(SolutionConfigurationPlatforms) = preSolution
		Debug|Any CPU = Debug|Any CPU
		Release|Any CPU = Release|Any CPU
	EndGlobalSection
	GlobalSection(ProjectConfigurationPlatforms) = postSolution
		{661D2696-D67F-4C7F-AE4C-00B7DE86220E}.Debug|Any CPU.ActiveCfg = Debug|Any CPU
		{661D2696-D67F-4C7F-AE4C-00B7DE86220E}.Debug|Any CPU.Build.0 = Debug|Any CPU
		{661D2696-D67F-4C7F-AE4C-00B7DE86220E}.Release|Any CPU.ActiveCfg = Release|Any CPU
		{661D2696-D67F-4C7F-AE4C-00B7DE86220E}.Release|Any CPU.Build.0 = Release|Any CPU
	EndGlobalSection
	GlobalSection(SolutionProperties) = preSolution
		HideSolutionNode = FALSE
	EndGlobalSection
	GlobalSection(ExtensibilityGlobals) = postSolution
		SolutionGuid = {5234D7D6-C9B4-4E4A-9841-457C1F61D532}
	EndGlobalSection
EndGlobal
